// !$*UTF8*$!
{
	archiveVersion = 1;
	classes = {
	};
	objectVersion = 50;
	objects = {

/* Begin PBXBuildFile section */
		3D07073D21147666001EC071 /* main.swift in Sources */ = {isa = PBXBuildFile; fileRef = 3D07073C21147666001EC071 /* main.swift */; };
		3D070744211476BA001EC071 /* Array.swift in Sources */ = {isa = PBXBuildFile; fileRef = 3D070743211476BA001EC071 /* Array.swift */; };
		3D7054F82150E9F300E3020C /* DFS.swift in Sources */ = {isa = PBXBuildFile; fileRef = 3D7054F72150E9F300E3020C /* DFS.swift */; };
		3D7B93AB214120570055E3FA /* Linked.swift in Sources */ = {isa = PBXBuildFile; fileRef = 3D7B93AA214120570055E3FA /* Linked.swift */; };
		3D8D7496212A653F0043E336 /* Strings.swift in Sources */ = {isa = PBXBuildFile; fileRef = 3D8D7495212A653F0043E336 /* Strings.swift */; };
		3D915EFA216DD18E000DB3F5 /* Dichotomy.swift in Sources */ = {isa = PBXBuildFile; fileRef = 3D915EF9216DD18E000DB3F5 /* Dichotomy.swift */; };
		3DB2657121DC645100006635 /* Database.swift in Sources */ = {isa = PBXBuildFile; fileRef = 3DB2657021DC645100006635 /* Database.swift */; };
/* End PBXBuildFile section */

/* Begin PBXCopyFilesBuildPhase section */
		3D07073721147666001EC071 /* CopyFiles */ = {
			isa = PBXCopyFilesBuildPhase;
			buildActionMask = 2147483647;
			dstPath = /usr/share/man/man1/;
			dstSubfolderSpec = 0;
			files = (
			);
			runOnlyForDeploymentPostprocessing = 1;
		};
/* End PBXCopyFilesBuildPhase section */

/* Begin PBXFileReference section */
		3D07073921147666001EC071 /* LeedCode */ = {isa = PBXFileReference; explicitFileType = "compiled.mach-o.executable"; includeInIndex = 0; path = LeedCode; sourceTree = BUILT_PRODUCTS_DIR; };
		3D07073C21147666001EC071 /* main.swift */ = {isa = PBXFileReference; lastKnownFileType = sourcecode.swift; path = main.swift; sourceTree = "<group>"; };
		3D070743211476BA001EC071 /* Array.swift */ = {isa = PBXFileReference; lastKnownFileType = sourcecode.swift; path = Array.swift; sourceTree = "<group>"; };
		3D7054F72150E9F300E3020C /* DFS.swift */ = {isa = PBXFileReference; lastKnownFileType = sourcecode.swift; path = DFS.swift; sourceTree = "<group>"; };
		3D7B93AA214120570055E3FA /* Linked.swift */ = {isa = PBXFileReference; lastKnownFileType = sourcecode.swift; path = Linked.swift; sourceTree = "<group>"; };
		3D8D7495212A653F0043E336 /* Strings.swift */ = {isa = PBXFileReference; lastKnownFileType = sourcecode.swift; path = Strings.swift; sourceTree = "<group>"; };
		3D915EF9216DD18E000DB3F5 /* Dichotomy.swift */ = {isa = PBXFileReference; lastKnownFileType = sourcecode.swift; path = Dichotomy.swift; sourceTree = "<group>"; };
		3DB2657021DC645100006635 /* Database.swift */ = {isa = PBXFileReference; lastKnownFileType = sourcecode.swift; path = Database.swift; sourceTree = "<group>"; };
/* End PBXFileReference section */

/* Begin PBXFrameworksBuildPhase section */
		3D07073621147666001EC071 /* Frameworks */ = {
			isa = PBXFrameworksBuildPhase;
			buildActionMask = 2147483647;
			files = (
			);
			runOnlyForDeploymentPostprocessing = 0;
		};
/* End PBXFrameworksBuildPhase section */

/* Begin PBXGroup section */
		3D07073021147666001EC071 = {
			isa = PBXGroup;
			children = (
				3D07073B21147666001EC071 /* LeedCode */,
				3D07073A21147666001EC071 /* Products */,
			);
			sourceTree = "<group>";
		};
		3D07073A21147666001EC071 /* Products */ = {
			isa = PBXGroup;
			children = (
				3D07073921147666001EC071 /* LeedCode */,
			);
			name = Products;
			sourceTree = "<group>";
		};
		3D07073B21147666001EC071 /* LeedCode */ = {
			isa = PBXGroup;
			children = (
				3D07073C21147666001EC071 /* main.swift */,
				3D070743211476BA001EC071 /* Array.swift */,
				3D8D7495212A653F0043E336 /* Strings.swift */,
				3D7B93AA214120570055E3FA /* Linked.swift */,
				3D7054F72150E9F300E3020C /* DFS.swift */,
				3D915EF9216DD18E000DB3F5 /* Dichotomy.swift */,
				3DB2657021DC645100006635 /* Database.swift */,
			);
			path = LeedCode;
			sourceTree = "<group>";
		};
/* End PBXGroup section */

/* Begin PBXNativeTarget section */
		3D07073821147666001EC071 /* LeedCode */ = {
			isa = PBXNativeTarget;
			buildConfigurationList = 3D07074021147666001EC071 /* Build configuration list for PBXNativeTarget "LeedCode" */;
			buildPhases = (
				3D07073521147666001EC071 /* Sources */,
				3D07073621147666001EC071 /* Frameworks */,
				3D07073721147666001EC071 /* CopyFiles */,
			);
			buildRules = (
			);
			dependencies = (
			);
			name = LeedCode;
			productName = LeedCode;
			productReference = 3D07073921147666001EC071 /* LeedCode */;
			productType = "com.apple.product-type.tool";
		};
/* End PBXNativeTarget section */

/* Begin PBXProject section */
		3D07073121147666001EC071 /* Project object */ = {
			isa = PBXProject;
			attributes = {
				LastSwiftUpdateCheck = 0940;
				LastUpgradeCheck = 0940;
				ORGANIZATIONNAME = miniYang;
				TargetAttributes = {
					3D07073821147666001EC071 = {
						CreatedOnToolsVersion = 9.4.1;
					};
				};
			};
			buildConfigurationList = 3D07073421147666001EC071 /* Build configuration list for PBXProject "LeedCode" */;
			compatibilityVersion = "Xcode 9.3";
			developmentRegion = en;
			hasScannedForEncodings = 0;
			knownRegions = (
				en,
			);
			mainGroup = 3D07073021147666001EC071;
			productRefGroup = 3D07073A21147666001EC071 /* Products */;
			projectDirPath = "";
			projectRoot = "";
			targets = (
				3D07073821147666001EC071 /* LeedCode */,
			);
		};
/* End PBXProject section */

/* Begin PBXSourcesBuildPhase section */
		3D07073521147666001EC071 /* Sources */ = {
			isa = PBXSourcesBuildPhase;
			buildActionMask = 2147483647;
			files = (
				3D8D7496212A653F0043E336 /* Strings.swift in Sources */,
				3D07073D21147666001EC071 /* main.swift in Sources */,
				3D915EFA216DD18E000DB3F5 /* Dichotomy.swift in Sources */,
				3D7B93AB214120570055E3FA /* Linked.swift in Sources */,
				3D070744211476BA001EC071 /* Array.swift in Sources */,
				3DB2657121DC645100006635 /* Database.swift in Sources */,
				3D7054F82150E9F300E3020C /* DFS.swift in Sources */,
			);
			runOnlyForDeploymentPostprocessing = 0;
		};
/* End PBXSourcesBuildPhase section */

/* Begin XCBuildConfiguration section */
		3D07073E21147666001EC071 /* Debug */ = {
			isa = XCBuildConfiguration;
			buildSettings = {
				ALWAYS_SEARCH_USER_PATHS = NO;
				CLANG_ANALYZER_NONNULL = YES;
				CLANG_ANALYZER_NUMBER_OBJECT_CONVERSION = YES_AGGRESSIVE;
				CLANG_CXX_LANGUAGE_STANDARD = "gnu++14";
				CLANG_CXX_LIBRARY = "libc++";
				CLANG_ENABLE_MODULES = YES;
				CLANG_ENABLE_OBJC_ARC = YES;
				CLANG_ENABLE_OBJC_WEAK = YES;
				CLANG_WARN_BLOCK_CAPTURE_AUTORELEASING = YES;
				CLANG_WARN_BOOL_CONVERSION = YES;
				CLANG_WARN_COMMA = YES;
				CLANG_WARN_CONSTANT_CONVERSION = YES;
				CLANG_WARN_DEPRECATED_OBJC_IMPLEMENTATIONS = YES;
				CLANG_WARN_DIRECT_OBJC_ISA_USAGE = YES_ERROR;
				CLANG_WARN_DOCUMENTATION_COMMENTS = YES;
				CLANG_WARN_EMPTY_BODY = YES;
				CLANG_WARN_ENUM_CONVERSION = YES;
				CLANG_WARN_INFINITE_RECURSION = YES;
				CLANG_WARN_INT_CONVERSION = YES;
				CLANG_WARN_NON_LITERAL_NULL_CONVERSION = YES;
				CLANG_WARN_OBJC_IMPLICIT_RETAIN_SELF = YES;
				CLANG_WARN_OBJC_LITERAL_CONVERSION = YES;
				CLANG_WARN_OBJC_ROOT_CLASS = YES_ERROR;
				CLANG_WARN_RANGE_LOOP_ANALYSIS = YES;
				CLANG_WARN_STRICT_PROTOTYPES = YES;
				CLANG_WARN_SUSPICIOUS_MOVE = YES;
				CLANG_WARN_UNGUARDED_AVAILABILITY = YES_AGGRESSIVE;
				CLANG_WARN_UNREACHABLE_CODE = YES;
				CLANG_WARN__DUPLICATE_METHOD_MATCH = YES;
				CODE_SIGN_IDENTITY = "Mac Developer";
				COPY_PHASE_STRIP = NO;
				DEBUG_INFORMATION_FORMAT = dwarf;
				ENABLE_STRICT_OBJC_MSGSEND = YES;
				ENABLE_TESTABILITY = YES;
				GCC_C_LANGUAGE_STANDARD = gnu11;
				GCC_DYNAMIC_NO_PIC = NO;
				GCC_NO_COMMON_BLOCKS = YES;
				GCC_OPTIMIZATION_LEVEL = 0;
				GCC_PREPROCESSOR_DEFINITIONS = (
					"DEBUG=1",
					"$(inherited)",
				);
				GCC_WARN_64_TO_32_BIT_CONVERSION = YES;
				GCC_WARN_ABOUT_RETURN_TYPE = YES_ERROR;
				GCC_WARN_UNDECLARED_SELECTOR = YES;
				GCC_WARN_UNINITIALIZED_AUTOS = YES_AGGRESSIVE;
				GCC_WARN_UNUSED_FUNCTION = YES;
				GCC_WARN_UNUSED_VARIABLE = YES;
				MACOSX_DEPLOYMENT_TARGET = 10.13;
				MTL_ENABLE_DEBUG_INFO = YES;
				ONLY_ACTIVE_ARCH = YES;
				SDKROOT = macosx;
				SWIFT_ACTIVE_COMPILATION_CONDITIONS = DEBUG;
				SWIFT_OPTIMIZATION_LEVEL = "-Onone";
			};
			name = Debug;
		};
		3D07073F21147666001EC071 /* Release */ = {
			isa = XCBuildConfiguration;
			buildSettings = {
				ALWAYS_SEARCH_USER_PATHS = NO;
				CLANG_ANALYZER_NONNULL = YES;
				CLANG_ANALYZER_NUMBER_OBJECT_CONVERSION = YES_AGGRESSIVE;
				CLANG_CXX_LANGUAGE_STANDARD = "gnu++14";
				CLANG_CXX_LIBRARY = "libc++";
				CLANG_ENABLE_MODULES = YES;
				CLANG_ENABLE_OBJC_ARC = YES;
				CLANG_ENABLE_OBJC_WEAK = YES;
				CLANG_WARN_BLOCK_CAPTURE_AUTORELEASING = YES;
				CLANG_WARN_BOOL_CONVERSION = YES;
				CLANG_WARN_COMMA = YES;
				CLANG_WARN_CONSTANT_CONVERSION = YES;
				CLANG_WARN_DEPRECATED_OBJC_IMPLEMENTATIONS = YES;
				CLANG_WARN_DIRECT_OBJC_ISA_USAGE = YES_ERROR;
				CLANG_WARN_DOCUMENTATION_COMMENTS = YES;
				CLANG_WARN_EMPTY_BODY = YES;
				CLANG_WARN_ENUM_CONVERSION = YES;
				CLANG_WARN_INFINITE_RECURSION = YES;
				CLANG_WARN_INT_CONVERSION = YES;
				CLANG_WARN_NON_LITERAL_NULL_CONVERSION = YES;
				CLANG_WARN_OBJC_IMPLICIT_RETAIN_SELF = YES;
				CLANG_WARN_OBJC_LITERAL_CONVERSION = YES;
				CLANG_WARN_OBJC_ROOT_CLASS = YES_ERROR;
				CLANG_WARN_RANGE_LOOP_ANALYSIS = YES;
				CLANG_WARN_STRICT_PROTOTYPES = YES;
				CLANG_WARN_SUSPICIOUS_MOVE = YES;
				CLANG_WARN_UNGUARDED_AVAILABILITY = YES_AGGRESSIVE;
				CLANG_WARN_UNREACHABLE_CODE = YES;
				CLANG_WARN__DUPLICATE_METHOD_MATCH = YES;
				CODE_SIGN_IDENTITY = "Mac Developer";
				COPY_PHASE_STRIP = NO;
				DEBUG_INFORMATION_FORMAT = "dwarf-with-dsym";
				ENABLE_NS_ASSERTIONS = NO;
				ENABLE_STRICT_OBJC_MSGSEND = YES;
				GCC_C_LANGUAGE_STANDARD = gnu11;
				GCC_NO_COMMON_BLOCKS = YES;
				GCC_WARN_64_TO_32_BIT_CONVERSION = YES;
				GCC_WARN_ABOUT_RETURN_TYPE = YES_ERROR;
				GCC_WARN_UNDECLARED_SELECTOR = YES;
				GCC_WARN_UNINITIALIZED_AUTOS = YES_AGGRESSIVE;
				GCC_WARN_UNUSED_FUNCTION = YES;
				GCC_WARN_UNUSED_VARIABLE = YES;
				MACOSX_DEPLOYMENT_TARGET = 10.13;
				MTL_ENABLE_DEBUG_INFO = NO;
				SDKROOT = macosx;
				SWIFT_COMPILATION_MODE = wholemodule;
				SWIFT_OPTIMIZATION_LEVEL = "-O";
			};
			name = Release;
		};
		3D07074121147666001EC071 /* Debug */ = {
			isa = XCBuildConfiguration;
			buildSettings = {
				CODE_SIGN_STYLE = Automatic;
				DEVELOPMENT_TEAM = T4SAW3YARN;
				PRODUCT_NAME = "$(TARGET_NAME)";
				SWIFT_VERSION = 4.0;
			};
			name = Debug;
		};
		3D07074221147666001EC071 /* Release */ = {
			isa = XCBuildConfiguration;
			buildSettings = {
				CODE_SIGN_STYLE = Automatic;
				DEVELOPMENT_TEAM = T4SAW3YARN;
				PRODUCT_NAME = "$(TARGET_NAME)";
				SWIFT_VERSION = 4.0;
			};
			name = Release;
		};
/* End XCBuildConfiguration section */

/* Begin XCConfigurationList section */
		3D07073421147666001EC071 /* Build configuration list for PBXProject "LeedCode" */ = {
			isa = XCConfigurationList;
			buildConfigurations = (
				3D07073E21147666001EC071 /* Debug */,
				3D07073F21147666001EC071 /* Release */,
			);
			defaultConfigurationIsVisible = 0;
			defaultConfigurationName = Release;
		};
		3D07074021147666001EC071 /* Build configuration list for PBXNativeTarget "LeedCode" */ = {
			isa = XCConfigurationList;
			buildConfigurations = (
				3D07074121147666001EC071 /* Debug */,
				3D07074221147666001EC071 /* Release */,
			);
			defaultConfigurationIsVisible = 0;
			defaultConfigurationName = Release;
		};
/* End XCConfigurationList section */
	};
	rootObject = 3D07073121147666001EC071 /* Project object */;
}
